
Microsoft Visual Studio Solution File, Format Version 12.00
# Visual Studio Version 17
VisualStudioVersion = 17.6.33829.357
MinimumVisualStudioVersion = 10.0.40219.1
Project("{8BC9CEB8-8B4A-11D0-8D11-00A0C91BC942}") = "les.23.namespace", "les.23.namespace\les.23.namespace.vcxproj", "{2668A70C-BE6E-495F-A481-FC4F487EBB7A}"
EndProject
Global
	GlobalSection(SolutionConfigurationPlatforms) = preSolution
		Debug|x64 = Debug|x64
		Debug|x86 = Debug|x86
		Release|x64 = Release|x64
		Release|x86 = Release|x86
	EndGlobalSection
	GlobalSection(ProjectConfigurationPlatforms) = postSolution
		{2668A70C-BE6E-495F-A481-FC4F487EBB7A}.Debug|x64.ActiveCfg = Debug|x64
		{2668A70C-BE6E-495F-A481-FC4F487EBB7A}.Debug|x64.Build.0 = Debug|x64
		{2668A70C-BE6E-495F-A481-FC4F487EBB7A}.Debug|x86.ActiveCfg = Debug|Win32
		{2668A70C-BE6E-495F-A481-FC4F487EBB7A}.Debug|x86.Build.0 = Debug|Win32
		{2668A70C-BE6E-495F-A481-FC4F487EBB7A}.Release|x64.ActiveCfg = Release|x64
		{2668A70C-BE6E-495F-A481-FC4F487EBB7A}.Release|x64.Build.0 = Release|x64
		{2668A70C-BE6E-495F-A481-FC4F487EBB7A}.Release|x86.ActiveCfg = Release|Win32
		{2668A70C-BE6E-495F-A481-FC4F487EBB7A}.Release|x86.Build.0 = Release|Win32
	EndGlobalSection
	GlobalSection(SolutionProperties) = preSolution
		HideSolutionNode = FALSE
	EndGlobalSection
	GlobalSection(ExtensibilityGlobals) = postSolution
		SolutionGuid = {48DBF938-6EB8-43FA-91DD-C418A1356739}
	EndGlobalSection
EndGlobal
